# This file is automatically @generated by Cargo.
# It is not intended for manual editing.
version = 3

[[package]]
name = "bitflags"
version = "2.4.2"
source = "registry+https://github.com/rust-lang/crates.io-index"
checksum = "ed570934406eb16438a4e976b1b4500774099c13b8cb96eec99f620f05090ddf"

[[package]]
name = "calculator"
version = "0.1.0"
dependencies = [
 "bitflags",
 "wit-bindgen-rt",
]

[[package]]
name = "wit-bindgen-rt"
version = "0.23.0"
source = "registry+https://github.com/rust-lang/crates.io-index"
checksum = "d6ccd4c6a69667c75474ddb30c36773c5e70cdca099ec2e293005458886ac81b"
dependencies = [
 "bitflags",
]
