# This file is automatically generated by cargo-component.
# It is not intended for manual editing.
version = 1

[[package]]
name = "docs:adder"
registry = "ghcr.io/bytecodealliance"

[[package.version]]
requirement = "^0.1.0"
version = "0.1.0"
digest = "sha256:d4cb950366f8756821c401ec496ad43b35ffb0df3b2e757eb6aa3c1fa30d38c2"
