# This file is automatically generated by cargo-component.
# It is not intended for manual editing.
version = 1

[[package]]
name = "component-book:calculator"

[[package.version]]
requirement = "^0.1.0"
version = "0.1.0"
digest = "sha256:1f75d599bae47f96644c797b824de58f161e1da7e20461da4c881568b4fd6462"
