# This file is automatically generated by cargo-component.
# It is not intended for manual editing.
version = 1

[[package]]
name = "component-book:adder"

[[package.version]]
requirement = "^0.1.0"
version = "0.1.0"
digest = "sha256:2afffac0a89b4f6add89903754bb5a09a51378ef14f159283c1a6408abb43147"
